// !$*UTF8*$!
{
	archiveVersion = 1;
	classes = {
	};
	objectVersion = 50;
	objects = {

/* Begin PBXBuildFile section */
		36ED677F993E6538A651877F /* libPods-TieJunLingTests.a in Frameworks */ = {isa = PBXBuildFile; fileRef = 0589B9165F24321C85290190 /* libPods-TieJunLingTests.a */; };
		3C39D6783171D2433FFF68DF /* libPods-TieJunLing.a in Frameworks */ = {isa = PBXBuildFile; fileRef = FC018F4241393D4817F628EF /* libPods-TieJunLing.a */; };
		A9504B513771FC353016DC59 /* libPods-TieJunLingUITests.a in Frameworks */ = {isa = PBXBuildFile; fileRef = 7C0604CDA6B1C01EE5D8FFC7 /* libPods-TieJunLingUITests.a */; };
		FA1D56D32146460300D307C5 /* LHNounViewModel.m in Sources */ = {isa = PBXBuildFile; fileRef = FA1D56D22146460300D307C5 /* LHNounViewModel.m */; };
		FA1D56D72146471F00D307C5 /* LHNounModel.m in Sources */ = {isa = PBXBuildFile; fileRef = FA1D56D62146471F00D307C5 /* LHNounModel.m */; };
		FA1D56DB2146681200D307C5 /* LHOutMoneyViewController.m in Sources */ = {isa = PBXBuildFile; fileRef = FA1D56D92146681200D307C5 /* LHOutMoneyViewController.m */; };
		FA1D56DC2146681200D307C5 /* LHOutMoneyViewController.xib in Resources */ = {isa = PBXBuildFile; fileRef = FA1D56DA2146681200D307C5 /* LHOutMoneyViewController.xib */; };
		FA21660221435A640087B76B /* LHNetworking.m in Sources */ = {isa = PBXBuildFile; fileRef = FA21660021435A640087B76B /* LHNetworking.m */; };
		FA21660621435EB60087B76B /* LHPopularizeViewModel.m in Sources */ = {isa = PBXBuildFile; fileRef = FA21660521435EB60087B76B /* LHPopularizeViewModel.m */; };
		FA21660921435F610087B76B /* LHPopularizeModel.m in Sources */ = {isa = PBXBuildFile; fileRef = FA21660821435F610087B76B /* LHPopularizeModel.m */; };
		FA21664B214392E90087B76B /* README.txt in Resources */ = {isa = PBXBuildFile; fileRef = FA216639214392E90087B76B /* README.txt */; };
		FA21664C214392E90087B76B /* libWeChatSDK.a in Frameworks */ = {isa = PBXBuildFile; fileRef = FA21663B214392E90087B76B /* libWeChatSDK.a */; };
		FA21664D214392E90087B76B /* TencentOpenAPI.framework in Frameworks */ = {isa = PBXBuildFile; fileRef = FA21663D214392E90087B76B /* TencentOpenAPI.framework */; };
		FA21664E214392E90087B76B /* ShareSDKConnector.framework in Frameworks */ = {isa = PBXBuildFile; fileRef = FA21663F214392E90087B76B /* ShareSDKConnector.framework */; };
		FA21664F214392E90087B76B /* ShareSDK.bundle in Resources */ = {isa = PBXBuildFile; fileRef = FA216640214392E90087B76B /* ShareSDK.bundle */; };
		FA216650214392E90087B76B /* ShareSDKUI.bundle in Resources */ = {isa = PBXBuildFile; fileRef = FA216642214392E90087B76B /* ShareSDKUI.bundle */; };
		FA216651214392E90087B76B /* ShareSDKExtension.framework in Frameworks */ = {isa = PBXBuildFile; fileRef = FA216643214392E90087B76B /* ShareSDKExtension.framework */; };
		FA216652214392E90087B76B /* ShareSDKUI.framework in Frameworks */ = {isa = PBXBuildFile; fileRef = FA216644214392E90087B76B /* ShareSDKUI.framework */; };
		FA216653214392E90087B76B /* QQConnector.framework in Frameworks */ = {isa = PBXBuildFile; fileRef = FA216646214392E90087B76B /* QQConnector.framework */; };
		FA216654214392E90087B76B /* WechatConnector.framework in Frameworks */ = {isa = PBXBuildFile; fileRef = FA216647214392E90087B76B /* WechatConnector.framework */; };
		FA216655214392E90087B76B /* ShareSDK.framework in Frameworks */ = {isa = PBXBuildFile; fileRef = FA216648214392E90087B76B /* ShareSDK.framework */; };
		FA216656214392E90087B76B /* MOBFoundation.framework in Frameworks */ = {isa = PBXBuildFile; fileRef = FA21664A214392E90087B76B /* MOBFoundation.framework */; };
		FA2166582143934F0087B76B /* libicucore.tbd in Frameworks */ = {isa = PBXBuildFile; fileRef = FA2166572143934F0087B76B /* libicucore.tbd */; };
		FA21665A2143935E0087B76B /* libz.tbd in Frameworks */ = {isa = PBXBuildFile; fileRef = FA2166592143935E0087B76B /* libz.tbd */; };
		FA21665C214393760087B76B /* libstdc++.tbd in Frameworks */ = {isa = PBXBuildFile; fileRef = FA21665B214393760087B76B /* libstdc++.tbd */; };
		FA21665E214393810087B76B /* JavaScriptCore.framework in Frameworks */ = {isa = PBXBuildFile; fileRef = FA21665D214393810087B76B /* JavaScriptCore.framework */; };
		FA216660214393920087B76B /* libsqlite3.tbd in Frameworks */ = {isa = PBXBuildFile; fileRef = FA21665F214393920087B76B /* libsqlite3.tbd */; };
		FA2166822143A7AF0087B76B /* LHPayViewController.m in Sources */ = {isa = PBXBuildFile; fileRef = FA2166802143A7AF0087B76B /* LHPayViewController.m */; };
		FA2166832143A7AF0087B76B /* LHPayViewController.xib in Resources */ = {isa = PBXBuildFile; fileRef = FA2166812143A7AF0087B76B /* LHPayViewController.xib */; };
		FA2166882143CBDB0087B76B /* LHNounViewController.m in Sources */ = {isa = PBXBuildFile; fileRef = FA2166862143CBDB0087B76B /* LHNounViewController.m */; };
		FA2166892143CBDB0087B76B /* LHNounViewController.xib in Resources */ = {isa = PBXBuildFile; fileRef = FA2166872143CBDB0087B76B /* LHNounViewController.xib */; };
		FA21668E2143D5470087B76B /* LHDetailTableViewCell.m in Sources */ = {isa = PBXBuildFile; fileRef = FA21668C2143D5470087B76B /* LHDetailTableViewCell.m */; };
		FA21668F2143D5470087B76B /* LHDetailTableViewCell.xib in Resources */ = {isa = PBXBuildFile; fileRef = FA21668D2143D5470087B76B /* LHDetailTableViewCell.xib */; };
		FAC1E67A21421A9B004B0DAA /* AppDelegate.m in Sources */ = {isa = PBXBuildFile; fileRef = FAC1E67921421A9B004B0DAA /* AppDelegate.m */; };
		FAC1E68021421A9B004B0DAA /* Main.storyboard in Resources */ = {isa = PBXBuildFile; fileRef = FAC1E67E21421A9B004B0DAA /* Main.storyboard */; };
		FAC1E68221421A9D004B0DAA /* Assets.xcassets in Resources */ = {isa = PBXBuildFile; fileRef = FAC1E68121421A9D004B0DAA /* Assets.xcassets */; };
		FAC1E68521421A9D004B0DAA /* LaunchScreen.storyboard in Resources */ = {isa = PBXBuildFile; fileRef = FAC1E68321421A9D004B0DAA /* LaunchScreen.storyboard */; };
		FAC1E68821421A9D004B0DAA /* main.m in Sources */ = {isa = PBXBuildFile; fileRef = FAC1E68721421A9D004B0DAA /* main.m */; };
		FAC1E69221421A9E004B0DAA /* TieJunLingTests.m in Sources */ = {isa = PBXBuildFile; fileRef = FAC1E69121421A9E004B0DAA /* TieJunLingTests.m */; };
		FAC1E69D21421A9E004B0DAA /* TieJunLingUITests.m in Sources */ = {isa = PBXBuildFile; fileRef = FAC1E69C21421A9E004B0DAA /* TieJunLingUITests.m */; };
		FAC1E6AC214220B9004B0DAA /* LHMineTableViewController.m in Sources */ = {isa = PBXBuildFile; fileRef = FAC1E6AB214220B9004B0DAA /* LHMineTableViewController.m */; };
		FAC1E6B12142242F004B0DAA /* LHBaseViewController.m in Sources */ = {isa = PBXBuildFile; fileRef = FAC1E6B02142242F004B0DAA /* LHBaseViewController.m */; };
		FAC1E7AB2142711F004B0DAA /* LHPopularizeViewController.m in Sources */ = {isa = PBXBuildFile; fileRef = FAC1E7A92142711F004B0DAA /* LHPopularizeViewController.m */; };
		FAC1E7AC2142711F004B0DAA /* LHPopularizeViewController.xib in Resources */ = {isa = PBXBuildFile; fileRef = FAC1E7AA2142711F004B0DAA /* LHPopularizeViewController.xib */; };
		FAC1E7B121428111004B0DAA /* LHMemberViewController.m in Sources */ = {isa = PBXBuildFile; fileRef = FAC1E7AF21428111004B0DAA /* LHMemberViewController.m */; };
		FAC1E7B221428111004B0DAA /* LHMemberViewController.xib in Resources */ = {isa = PBXBuildFile; fileRef = FAC1E7B021428111004B0DAA /* LHMemberViewController.xib */; };
/* End PBXBuildFile section */

/* Begin PBXContainerItemProxy section */
		FAC1E68E21421A9D004B0DAA /* PBXContainerItemProxy */ = {
			isa = PBXContainerItemProxy;
			containerPortal = FAC1E66D21421A9B004B0DAA /* Project object */;
			proxyType = 1;
			remoteGlobalIDString = FAC1E67421421A9B004B0DAA;
			remoteInfo = TieJunLing;
		};
		FAC1E69921421A9E004B0DAA /* PBXContainerItemProxy */ = {
			isa = PBXContainerItemProxy;
			containerPortal = FAC1E66D21421A9B004B0DAA /* Project object */;
			proxyType = 1;
			remoteGlobalIDString = FAC1E67421421A9B004B0DAA;
			remoteInfo = TieJunLing;
		};
/* End PBXContainerItemProxy section */

/* Begin PBXFileReference section */
		0589B9165F24321C85290190 /* libPods-TieJunLingTests.a */ = {isa = PBXFileReference; explicitFileType = archive.ar; includeInIndex = 0; path = "libPods-TieJunLingTests.a"; sourceTree = BUILT_PRODUCTS_DIR; };
		216CF110083C5FA48F98C229 /* Pods-TieJunLingTests.release.xcconfig */ = {isa = PBXFileReference; includeInIndex = 1; lastKnownFileType = text.xcconfig; name = "Pods-TieJunLingTests.release.xcconfig"; path = "Pods/Target Support Files/Pods-TieJunLingTests/Pods-TieJunLingTests.release.xcconfig"; sourceTree = "<group>"; };
		2D14D0C73BD502D4A0D914CE /* Pods-TieJunLingTests.debug.xcconfig */ = {isa = PBXFileReference; includeInIndex = 1; lastKnownFileType = text.xcconfig; name = "Pods-TieJunLingTests.debug.xcconfig"; path = "Pods/Target Support Files/Pods-TieJunLingTests/Pods-TieJunLingTests.debug.xcconfig"; sourceTree = "<group>"; };
		70C20ED34BFDD9BEF5E9BD5A /* Pods-TieJunLingUITests.debug.xcconfig */ = {isa = PBXFileReference; includeInIndex = 1; lastKnownFileType = text.xcconfig; name = "Pods-TieJunLingUITests.debug.xcconfig"; path = "Pods/Target Support Files/Pods-TieJunLingUITests/Pods-TieJunLingUITests.debug.xcconfig"; sourceTree = "<group>"; };
		7C0604CDA6B1C01EE5D8FFC7 /* libPods-TieJunLingUITests.a */ = {isa = PBXFileReference; explicitFileType = archive.ar; includeInIndex = 0; path = "libPods-TieJunLingUITests.a"; sourceTree = BUILT_PRODUCTS_DIR; };
		7E076E91A8D61C1B0C53A874 /* Pods-TieJunLing.release.xcconfig */ = {isa = PBXFileReference; includeInIndex = 1; lastKnownFileType = text.xcconfig; name = "Pods-TieJunLing.release.xcconfig"; path = "Pods/Target Support Files/Pods-TieJunLing/Pods-TieJunLing.release.xcconfig"; sourceTree = "<group>"; };
		D894852A93A7FD53B2D57A9E /* Pods-TieJunLingUITests.release.xcconfig */ = {isa = PBXFileReference; includeInIndex = 1; lastKnownFileType = text.xcconfig; name = "Pods-TieJunLingUITests.release.xcconfig"; path = "Pods/Target Support Files/Pods-TieJunLingUITests/Pods-TieJunLingUITests.release.xcconfig"; sourceTree = "<group>"; };
		DE92B1E161462339CE06628A /* Pods-TieJunLing.debug.xcconfig */ = {isa = PBXFileReference; includeInIndex = 1; lastKnownFileType = text.xcconfig; name = "Pods-TieJunLing.debug.xcconfig"; path = "Pods/Target Support Files/Pods-TieJunLing/Pods-TieJunLing.debug.xcconfig"; sourceTree = "<group>"; };
		FA1D56D12146460300D307C5 /* LHNounViewModel.h */ = {isa = PBXFileReference; lastKnownFileType = sourcecode.c.h; path = LHNounViewModel.h; sourceTree = "<group>"; };
		FA1D56D22146460300D307C5 /* LHNounViewModel.m */ = {isa = PBXFileReference; lastKnownFileType = sourcecode.c.objc; path = LHNounViewModel.m; sourceTree = "<group>"; };
		FA1D56D52146471F00D307C5 /* LHNounModel.h */ = {isa = PBXFileReference; lastKnownFileType = sourcecode.c.h; path = LHNounModel.h; sourceTree = "<group>"; };
		FA1D56D62146471F00D307C5 /* LHNounModel.m */ = {isa = PBXFileReference; lastKnownFileType = sourcecode.c.objc; path = LHNounModel.m; sourceTree = "<group>"; };
		FA1D56D82146681200D307C5 /* LHOutMoneyViewController.h */ = {isa = PBXFileReference; lastKnownFileType = sourcecode.c.h; path = LHOutMoneyViewController.h; sourceTree = "<group>"; };
		FA1D56D92146681200D307C5 /* LHOutMoneyViewController.m */ = {isa = PBXFileReference; lastKnownFileType = sourcecode.c.objc; path = LHOutMoneyViewController.m; sourceTree = "<group>"; };
		FA1D56DA2146681200D307C5 /* LHOutMoneyViewController.xib */ = {isa = PBXFileReference; lastKnownFileType = file.xib; path = LHOutMoneyViewController.xib; sourceTree = "<group>"; };
		FA2165FF214359270087B76B /* TJL-PrefixHeader.pch */ = {isa = PBXFileReference; lastKnownFileType = sourcecode.c.h; path = "TJL-PrefixHeader.pch"; sourceTree = "<group>"; };
		FA21660021435A640087B76B /* LHNetworking.m */ = {isa = PBXFileReference; fileEncoding = 4; lastKnownFileType = sourcecode.c.objc; path = LHNetworking.m; sourceTree = "<group>"; };
		FA21660121435A640087B76B /* LHNetworking.h */ = {isa = PBXFileReference; fileEncoding = 4; lastKnownFileType = sourcecode.c.h; path = LHNetworking.h; sourceTree = "<group>"; };
		FA21660421435EB60087B76B /* LHPopularizeViewModel.h */ = {isa = PBXFileReference; lastKnownFileType = sourcecode.c.h; path = LHPopularizeViewModel.h; sourceTree = "<group>"; };
		FA21660521435EB60087B76B /* LHPopularizeViewModel.m */ = {isa = PBXFileReference; lastKnownFileType = sourcecode.c.objc; path = LHPopularizeViewModel.m; sourceTree = "<group>"; };
		FA21660721435F610087B76B /* LHPopularizeModel.h */ = {isa = PBXFileReference; lastKnownFileType = sourcecode.c.h; path = LHPopularizeModel.h; sourceTree = "<group>"; };
		FA21660821435F610087B76B /* LHPopularizeModel.m */ = {isa = PBXFileReference; lastKnownFileType = sourcecode.c.objc; path = LHPopularizeModel.m; sourceTree = "<group>"; };
		FA216637214392E90087B76B /* WXApi.h */ = {isa = PBXFileReference; fileEncoding = 4; lastKnownFileType = sourcecode.c.h; path = WXApi.h; sourceTree = "<group>"; };
		FA216638214392E90087B76B /* WXApiObject.h */ = {isa = PBXFileReference; fileEncoding = 4; lastKnownFileType = sourcecode.c.h; path = WXApiObject.h; sourceTree = "<group>"; };
		FA216639214392E90087B76B /* README.txt */ = {isa = PBXFileReference; fileEncoding = 4; lastKnownFileType = text; path = README.txt; sourceTree = "<group>"; };
		FA21663A214392E90087B76B /* WechatAuthSDK.h */ = {isa = PBXFileReference; fileEncoding = 4; lastKnownFileType = sourcecode.c.h; path = WechatAuthSDK.h; sourceTree = "<group>"; };
		FA21663B214392E90087B76B /* libWeChatSDK.a */ = {isa = PBXFileReference; lastKnownFileType = archive.ar; path = libWeChatSDK.a; sourceTree = "<group>"; };
		FA21663D214392E90087B76B /* TencentOpenAPI.framework */ = {isa = PBXFileReference; lastKnownFileType = wrapper.framework; path = TencentOpenAPI.framework; sourceTree = "<group>"; };
		FA21663F214392E90087B76B /* ShareSDKConnector.framework */ = {isa = PBXFileReference; lastKnownFileType = wrapper.framework; path = ShareSDKConnector.framework; sourceTree = "<group>"; };
		FA216640214392E90087B76B /* ShareSDK.bundle */ = {isa = PBXFileReference; lastKnownFileType = "wrapper.plug-in"; path = ShareSDK.bundle; sourceTree = "<group>"; };
		FA216642214392E90087B76B /* ShareSDKUI.bundle */ = {isa = PBXFileReference; lastKnownFileType = "wrapper.plug-in"; path = ShareSDKUI.bundle; sourceTree = "<group>"; };
		FA216643214392E90087B76B /* ShareSDKExtension.framework */ = {isa = PBXFileReference; lastKnownFileType = wrapper.framework; path = ShareSDKExtension.framework; sourceTree = "<group>"; };
		FA216644214392E90087B76B /* ShareSDKUI.framework */ = {isa = PBXFileReference; lastKnownFileType = wrapper.framework; path = ShareSDKUI.framework; sourceTree = "<group>"; };
		FA216646214392E90087B76B /* QQConnector.framework */ = {isa = PBXFileReference; lastKnownFileType = wrapper.framework; path = QQConnector.framework; sourceTree = "<group>"; };
		FA216647214392E90087B76B /* WechatConnector.framework */ = {isa = PBXFileReference; lastKnownFileType = wrapper.framework; path = WechatConnector.framework; sourceTree = "<group>"; };
		FA216648214392E90087B76B /* ShareSDK.framework */ = {isa = PBXFileReference; lastKnownFileType = wrapper.framework; path = ShareSDK.framework; sourceTree = "<group>"; };
		FA21664A214392E90087B76B /* MOBFoundation.framework */ = {isa = PBXFileReference; lastKnownFileType = wrapper.framework; path = MOBFoundation.framework; sourceTree = "<group>"; };
		FA2166572143934F0087B76B /* libicucore.tbd */ = {isa = PBXFileReference; lastKnownFileType = "sourcecode.text-based-dylib-definition"; name = libicucore.tbd; path = usr/lib/libicucore.tbd; sourceTree = SDKROOT; };
		FA2166592143935E0087B76B /* libz.tbd */ = {isa = PBXFileReference; lastKnownFileType = "sourcecode.text-based-dylib-definition"; name = libz.tbd; path = usr/lib/libz.tbd; sourceTree = SDKROOT; };
		FA21665B214393760087B76B /* libstdc++.tbd */ = {isa = PBXFileReference; lastKnownFileType = "sourcecode.text-based-dylib-definition"; name = "libstdc++.tbd"; path = "usr/lib/libstdc++.tbd"; sourceTree = SDKROOT; };
		FA21665D214393810087B76B /* JavaScriptCore.framework */ = {isa = PBXFileReference; lastKnownFileType = wrapper.framework; name = JavaScriptCore.framework; path = System/Library/Frameworks/JavaScriptCore.framework; sourceTree = SDKROOT; };
		FA21665F214393920087B76B /* libsqlite3.tbd */ = {isa = PBXFileReference; lastKnownFileType = "sourcecode.text-based-dylib-definition"; name = libsqlite3.tbd; path = usr/lib/libsqlite3.tbd; sourceTree = SDKROOT; };
		FA21667F2143A7AF0087B76B /* LHPayViewController.h */ = {isa = PBXFileReference; lastKnownFileType = sourcecode.c.h; path = LHPayViewController.h; sourceTree = "<group>"; };
		FA2166802143A7AF0087B76B /* LHPayViewController.m */ = {isa = PBXFileReference; lastKnownFileType = sourcecode.c.objc; path = LHPayViewController.m; sourceTree = "<group>"; };
		FA2166812143A7AF0087B76B /* LHPayViewController.xib */ = {isa = PBXFileReference; lastKnownFileType = file.xib; path = LHPayViewController.xib; sourceTree = "<group>"; };
		FA2166852143CBDB0087B76B /* LHNounViewController.h */ = {isa = PBXFileReference; lastKnownFileType = sourcecode.c.h; path = LHNounViewController.h; sourceTree = "<group>"; };
		FA2166862143CBDB0087B76B /* LHNounViewController.m */ = {isa = PBXFileReference; lastKnownFileType = sourcecode.c.objc; path = LHNounViewController.m; sourceTree = "<group>"; };
		FA2166872143CBDB0087B76B /* LHNounViewController.xib */ = {isa = PBXFileReference; lastKnownFileType = file.xib; path = LHNounViewController.xib; sourceTree = "<group>"; };
		FA21668B2143D5470087B76B /* LHDetailTableViewCell.h */ = {isa = PBXFileReference; lastKnownFileType = sourcecode.c.h; path = LHDetailTableViewCell.h; sourceTree = "<group>"; };
		FA21668C2143D5470087B76B /* LHDetailTableViewCell.m */ = {isa = PBXFileReference; lastKnownFileType = sourcecode.c.objc; path = LHDetailTableViewCell.m; sourceTree = "<group>"; };
		FA21668D2143D5470087B76B /* LHDetailTableViewCell.xib */ = {isa = PBXFileReference; lastKnownFileType = file.xib; path = LHDetailTableViewCell.xib; sourceTree = "<group>"; };
		FAC1E67521421A9B004B0DAA /* TieJunLing.app */ = {isa = PBXFileReference; explicitFileType = wrapper.application; includeInIndex = 0; path = TieJunLing.app; sourceTree = BUILT_PRODUCTS_DIR; };
		FAC1E67821421A9B004B0DAA /* AppDelegate.h */ = {isa = PBXFileReference; lastKnownFileType = sourcecode.c.h; path = AppDelegate.h; sourceTree = "<group>"; };
		FAC1E67921421A9B004B0DAA /* AppDelegate.m */ = {isa = PBXFileReference; lastKnownFileType = sourcecode.c.objc; path = AppDelegate.m; sourceTree = "<group>"; };
		FAC1E67F21421A9B004B0DAA /* Base */ = {isa = PBXFileReference; lastKnownFileType = file.storyboard; name = Base; path = Base.lproj/Main.storyboard; sourceTree = "<group>"; };
		FAC1E68121421A9D004B0DAA /* Assets.xcassets */ = {isa = PBXFileReference; lastKnownFileType = folder.assetcatalog; path = Assets.xcassets; sourceTree = "<group>"; };
		FAC1E68421421A9D004B0DAA /* Base */ = {isa = PBXFileReference; lastKnownFileType = file.storyboard; name = Base; path = Base.lproj/LaunchScreen.storyboard; sourceTree = "<group>"; };
		FAC1E68621421A9D004B0DAA /* Info.plist */ = {isa = PBXFileReference; lastKnownFileType = text.plist.xml; path = Info.plist; sourceTree = "<group>"; };
		FAC1E68721421A9D004B0DAA /* main.m */ = {isa = PBXFileReference; lastKnownFileType = sourcecode.c.objc; path = main.m; sourceTree = "<group>"; };
		FAC1E68D21421A9D004B0DAA /* TieJunLingTests.xctest */ = {isa = PBXFileReference; explicitFileType = wrapper.cfbundle; includeInIndex = 0; path = TieJunLingTests.xctest; sourceTree = BUILT_PRODUCTS_DIR; };
		FAC1E69121421A9E004B0DAA /* TieJunLingTests.m */ = {isa = PBXFileReference; lastKnownFileType = sourcecode.c.objc; path = TieJunLingTests.m; sourceTree = "<group>"; };
		FAC1E69321421A9E004B0DAA /* Info.plist */ = {isa = PBXFileReference; lastKnownFileType = text.plist.xml; path = Info.plist; sourceTree = "<group>"; };
		FAC1E69821421A9E004B0DAA /* TieJunLingUITests.xctest */ = {isa = PBXFileReference; explicitFileType = wrapper.cfbundle; includeInIndex = 0; path = TieJunLingUITests.xctest; sourceTree = BUILT_PRODUCTS_DIR; };
		FAC1E69C21421A9E004B0DAA /* TieJunLingUITests.m */ = {isa = PBXFileReference; lastKnownFileType = sourcecode.c.objc; path = TieJunLingUITests.m; sourceTree = "<group>"; };
		FAC1E69E21421A9E004B0DAA /* Info.plist */ = {isa = PBXFileReference; lastKnownFileType = text.plist.xml; path = Info.plist; sourceTree = "<group>"; };
		FAC1E6AA214220B9004B0DAA /* LHMineTableViewController.h */ = {isa = PBXFileReference; lastKnownFileType = sourcecode.c.h; path = LHMineTableViewController.h; sourceTree = "<group>"; };
		FAC1E6AB214220B9004B0DAA /* LHMineTableViewController.m */ = {isa = PBXFileReference; lastKnownFileType = sourcecode.c.objc; path = LHMineTableViewController.m; sourceTree = "<group>"; };
		FAC1E6AF2142242F004B0DAA /* LHBaseViewController.h */ = {isa = PBXFileReference; lastKnownFileType = sourcecode.c.h; path = LHBaseViewController.h; sourceTree = "<group>"; };
		FAC1E6B02142242F004B0DAA /* LHBaseViewController.m */ = {isa = PBXFileReference; lastKnownFileType = sourcecode.c.objc; path = LHBaseViewController.m; sourceTree = "<group>"; };
		FAC1E7A82142711F004B0DAA /* LHPopularizeViewController.h */ = {isa = PBXFileReference; lastKnownFileType = sourcecode.c.h; path = LHPopularizeViewController.h; sourceTree = "<group>"; };
		FAC1E7A92142711F004B0DAA /* LHPopularizeViewController.m */ = {isa = PBXFileReference; lastKnownFileType = sourcecode.c.objc; path = LHPopularizeViewController.m; sourceTree = "<group>"; };
		FAC1E7AA2142711F004B0DAA /* LHPopularizeViewController.xib */ = {isa = PBXFileReference; lastKnownFileType = file.xib; path = LHPopularizeViewController.xib; sourceTree = "<group>"; };
		FAC1E7AE21428111004B0DAA /* LHMemberViewController.h */ = {isa = PBXFileReference; lastKnownFileType = sourcecode.c.h; path = LHMemberViewController.h; sourceTree = "<group>"; };
		FAC1E7AF21428111004B0DAA /* LHMemberViewController.m */ = {isa = PBXFileReference; lastKnownFileType = sourcecode.c.objc; path = LHMemberViewController.m; sourceTree = "<group>"; };
		FAC1E7B021428111004B0DAA /* LHMemberViewController.xib */ = {isa = PBXFileReference; lastKnownFileType = file.xib; path = LHMemberViewController.xib; sourceTree = "<group>"; };
		FC018F4241393D4817F628EF /* libPods-TieJunLing.a */ = {isa = PBXFileReference; explicitFileType = archive.ar; includeInIndex = 0; path = "libPods-TieJunLing.a"; sourceTree = BUILT_PRODUCTS_DIR; };
/* End PBXFileReference section */

/* Begin PBXFrameworksBuildPhase section */
		FAC1E67221421A9B004B0DAA /* Frameworks */ = {
			isa = PBXFrameworksBuildPhase;
			buildActionMask = 2147483647;
			files = (
				FA216660214393920087B76B /* libsqlite3.tbd in Frameworks */,
				FA21665E214393810087B76B /* JavaScriptCore.framework in Frameworks */,
				FA21665C214393760087B76B /* libstdc++.tbd in Frameworks */,
				FA21665A2143935E0087B76B /* libz.tbd in Frameworks */,
				FA2166582143934F0087B76B /* libicucore.tbd in Frameworks */,
				FA21664C214392E90087B76B /* libWeChatSDK.a in Frameworks */,
				FA216652214392E90087B76B /* ShareSDKUI.framework in Frameworks */,
				FA216656214392E90087B76B /* MOBFoundation.framework in Frameworks */,
				FA21664D214392E90087B76B /* TencentOpenAPI.framework in Frameworks */,
				FA216651214392E90087B76B /* ShareSDKExtension.framework in Frameworks */,
				FA216654214392E90087B76B /* WechatConnector.framework in Frameworks */,
				FA216653214392E90087B76B /* QQConnector.framework in Frameworks */,
				FA216655214392E90087B76B /* ShareSDK.framework in Frameworks */,
				3C39D6783171D2433FFF68DF /* libPods-TieJunLing.a in Frameworks */,
				FA21664E214392E90087B76B /* ShareSDKConnector.framework in Frameworks */,
			);
			runOnlyForDeploymentPostprocessing = 0;
		};
		FAC1E68A21421A9D004B0DAA /* Frameworks */ = {
			isa = PBXFrameworksBuildPhase;
			buildActionMask = 2147483647;
			files = (
				36ED677F993E6538A651877F /* libPods-TieJunLingTests.a in Frameworks */,
			);
			runOnlyForDeploymentPostprocessing = 0;
		};
		FAC1E69521421A9E004B0DAA /* Frameworks */ = {
			isa = PBXFrameworksBuildPhase;
			buildActionMask = 2147483647;
			files = (
				A9504B513771FC353016DC59 /* libPods-TieJunLingUITests.a in Frameworks */,
			);
			runOnlyForDeploymentPostprocessing = 0;
		};
/* End PBXFrameworksBuildPhase section */

/* Begin PBXGroup section */
		90B933806BD504D3191D3872 /* Pods */ = {
			isa = PBXGroup;
			children = (
				DE92B1E161462339CE06628A /* Pods-TieJunLing.debug.xcconfig */,
				7E076E91A8D61C1B0C53A874 /* Pods-TieJunLing.release.xcconfig */,
				2D14D0C73BD502D4A0D914CE /* Pods-TieJunLingTests.debug.xcconfig */,
				216CF110083C5FA48F98C229 /* Pods-TieJunLingTests.release.xcconfig */,
				70C20ED34BFDD9BEF5E9BD5A /* Pods-TieJunLingUITests.debug.xcconfig */,
				D894852A93A7FD53B2D57A9E /* Pods-TieJunLingUITests.release.xcconfig */,
			);
			name = Pods;
			sourceTree = "<group>";
		};
		9D5302C635C8B1D04932C19C /* Frameworks */ = {
			isa = PBXGroup;
			children = (
				FA21665F214393920087B76B /* libsqlite3.tbd */,
				FA21665D214393810087B76B /* JavaScriptCore.framework */,
				FA21665B214393760087B76B /* libstdc++.tbd */,
				FA2166592143935E0087B76B /* libz.tbd */,
				FA2166572143934F0087B76B /* libicucore.tbd */,
				FC018F4241393D4817F628EF /* libPods-TieJunLing.a */,
				0589B9165F24321C85290190 /* libPods-TieJunLingTests.a */,
				7C0604CDA6B1C01EE5D8FFC7 /* libPods-TieJunLingUITests.a */,
			);
			name = Frameworks;
			sourceTree = "<group>";
		};
		FA1D56D0214645E600D307C5 /* ViewModel */ = {
			isa = PBXGroup;
			children = (
				FA1D56D12146460300D307C5 /* LHNounViewModel.h */,
				FA1D56D22146460300D307C5 /* LHNounViewModel.m */,
			);
			path = ViewModel;
			sourceTree = "<group>";
		};
		FA1D56D42146470F00D307C5 /* Model */ = {
			isa = PBXGroup;
			children = (
				FA1D56D52146471F00D307C5 /* LHNounModel.h */,
				FA1D56D62146471F00D307C5 /* LHNounModel.m */,
			);
			path = Model;
			sourceTree = "<group>";
		};
		FA2165FC214357DE0087B76B /* supportFiles */ = {
			isa = PBXGroup;
			children = (
				FAC1E67821421A9B004B0DAA /* AppDelegate.h */,
				FAC1E67921421A9B004B0DAA /* AppDelegate.m */,
				FAC1E68121421A9D004B0DAA /* Assets.xcassets */,
				FAC1E68621421A9D004B0DAA /* Info.plist */,
				FAC1E68721421A9D004B0DAA /* main.m */,
				FA2165FF214359270087B76B /* TJL-PrefixHeader.pch */,
			);
			name = supportFiles;
			sourceTree = "<group>";
		};
		FA2165FD214358240087B76B /* Tools */ = {
			isa = PBXGroup;
			children = (
				FA2165FE214358300087B76B /* NetWorking */,
			);
			path = Tools;
			sourceTree = "<group>";
		};
		FA2165FE214358300087B76B /* NetWorking */ = {
			isa = PBXGroup;
			children = (
				FA21660121435A640087B76B /* LHNetworking.h */,
				FA21660021435A640087B76B /* LHNetworking.m */,
			);
			path = NetWorking;
			sourceTree = "<group>";
		};
		FA21660321435E910087B76B /* ViewModel */ = {
			isa = PBXGroup;
			children = (
				FA21660421435EB60087B76B /* LHPopularizeViewModel.h */,
				FA21660521435EB60087B76B /* LHPopularizeViewModel.m */,
			);
			path = ViewModel;
			sourceTree = "<group>";
		};
		FA21660A2143613A0087B76B /* models */ = {
			isa = PBXGroup;
			children = (
				FA21660721435F610087B76B /* LHPopularizeModel.h */,
				FA21660821435F610087B76B /* LHPopularizeModel.m */,
			);
			path = models;
			sourceTree = "<group>";
		};
		FA216628214391BE0087B76B /* SDK */ = {
			isa = PBXGroup;
			children = (
				FA216631214392E90087B76B /* share */,
			);
			path = SDK;
			sourceTree = "<group>";
		};
		FA216631214392E90087B76B /* share */ = {
			isa = PBXGroup;
			children = (
				FA216632214392E90087B76B /* SDK */,
			);
			path = share;
			sourceTree = "<group>";
		};
		FA216632214392E90087B76B /* SDK */ = {
			isa = PBXGroup;
			children = (
				FA216633214392E90087B76B /* ShareSDK */,
				FA216649214392E90087B76B /* Required */,
			);
			path = SDK;
			sourceTree = "<group>";
		};
		FA216633214392E90087B76B /* ShareSDK */ = {
			isa = PBXGroup;
			children = (
				FA216634214392E90087B76B /* Support */,
				FA216648214392E90087B76B /* ShareSDK.framework */,
			);
			path = ShareSDK;
			sourceTree = "<group>";
		};
		FA216634214392E90087B76B /* Support */ = {
			isa = PBXGroup;
			children = (
				FA216635214392E90087B76B /* PlatformSDK */,
				FA21663E214392E90087B76B /* Required */,
				FA216641214392E90087B76B /* Optional */,
				FA216645214392E90087B76B /* PlatformConnector */,
			);
			path = Support;
			sourceTree = "<group>";
		};
		FA216635214392E90087B76B /* PlatformSDK */ = {
			isa = PBXGroup;
			children = (
				FA216636214392E90087B76B /* WeChatSDK */,
				FA21663C214392E90087B76B /* QQSDK */,
			);
			path = PlatformSDK;
			sourceTree = "<group>";
		};
		FA216636214392E90087B76B /* WeChatSDK */ = {
			isa = PBXGroup;
			children = (
				FA216637214392E90087B76B /* WXApi.h */,
				FA216638214392E90087B76B /* WXApiObject.h */,
				FA216639214392E90087B76B /* README.txt */,
				FA21663A214392E90087B76B /* WechatAuthSDK.h */,
				FA21663B214392E90087B76B /* libWeChatSDK.a */,
			);
			path = WeChatSDK;
			sourceTree = "<group>";
		};
		FA21663C214392E90087B76B /* QQSDK */ = {
			isa = PBXGroup;
			children = (
				FA21663D214392E90087B76B /* TencentOpenAPI.framework */,
			);
			path = QQSDK;
			sourceTree = "<group>";
		};
		FA21663E214392E90087B76B /* Required */ = {
			isa = PBXGroup;
			children = (
				FA21663F214392E90087B76B /* ShareSDKConnector.framework */,
				FA216640214392E90087B76B /* ShareSDK.bundle */,
			);
			path = Required;
			sourceTree = "<group>";
		};
		FA216641214392E90087B76B /* Optional */ = {
			isa = PBXGroup;
			children = (
				FA216642214392E90087B76B /* ShareSDKUI.bundle */,
				FA216643214392E90087B76B /* ShareSDKExtension.framework */,
				FA216644214392E90087B76B /* ShareSDKUI.framework */,
			);
			path = Optional;
			sourceTree = "<group>";
		};
		FA216645214392E90087B76B /* PlatformConnector */ = {
			isa = PBXGroup;
			children = (
				FA216646214392E90087B76B /* QQConnector.framework */,
				FA216647214392E90087B76B /* WechatConnector.framework */,
			);
			path = PlatformConnector;
			sourceTree = "<group>";
		};
		FA216649214392E90087B76B /* Required */ = {
			isa = PBXGroup;
			children = (
				FA21664A214392E90087B76B /* MOBFoundation.framework */,
			);
			path = Required;
			sourceTree = "<group>";
		};
		FA21667E2143A7450087B76B /* 立即支付 */ = {
			isa = PBXGroup;
			children = (
				FA21667F2143A7AF0087B76B /* LHPayViewController.h */,
				FA2166802143A7AF0087B76B /* LHPayViewController.m */,
				FA2166812143A7AF0087B76B /* LHPayViewController.xib */,
			);
			path = "立即支付";
			sourceTree = "<group>";
		};
		FA2166842143CB9E0087B76B /* 我的钱包 */ = {
			isa = PBXGroup;
			children = (
				FA1D56D42146470F00D307C5 /* Model */,
				FA1D56D0214645E600D307C5 /* ViewModel */,
				FA21668A2143D50F0087B76B /* cell */,
				FA2166852143CBDB0087B76B /* LHNounViewController.h */,
				FA2166862143CBDB0087B76B /* LHNounViewController.m */,
				FA2166872143CBDB0087B76B /* LHNounViewController.xib */,
				FA1D56D82146681200D307C5 /* LHOutMoneyViewController.h */,
				FA1D56D92146681200D307C5 /* LHOutMoneyViewController.m */,
				FA1D56DA2146681200D307C5 /* LHOutMoneyViewController.xib */,
			);
			path = "我的钱包";
			sourceTree = "<group>";
		};
		FA21668A2143D50F0087B76B /* cell */ = {
			isa = PBXGroup;
			children = (
				FA21668B2143D5470087B76B /* LHDetailTableViewCell.h */,
				FA21668C2143D5470087B76B /* LHDetailTableViewCell.m */,
				FA21668D2143D5470087B76B /* LHDetailTableViewCell.xib */,
			);
			path = cell;
			sourceTree = "<group>";
		};
		FAC1E66C21421A9B004B0DAA = {
			isa = PBXGroup;
			children = (
				FAC1E67721421A9B004B0DAA /* TieJunLing */,
				FAC1E69021421A9D004B0DAA /* TieJunLingTests */,
				FAC1E69B21421A9E004B0DAA /* TieJunLingUITests */,
				FAC1E67621421A9B004B0DAA /* Products */,
				90B933806BD504D3191D3872 /* Pods */,
				9D5302C635C8B1D04932C19C /* Frameworks */,
			);
			sourceTree = "<group>";
		};
		FAC1E67621421A9B004B0DAA /* Products */ = {
			isa = PBXGroup;
			children = (
				FAC1E67521421A9B004B0DAA /* TieJunLing.app */,
				FAC1E68D21421A9D004B0DAA /* TieJunLingTests.xctest */,
				FAC1E69821421A9E004B0DAA /* TieJunLingUITests.xctest */,
			);
			name = Products;
			sourceTree = "<group>";
		};
		FAC1E67721421A9B004B0DAA /* TieJunLing */ = {
			isa = PBXGroup;
			children = (
				FA216628214391BE0087B76B /* SDK */,
				FA2165FD214358240087B76B /* Tools */,
				FA2165FC214357DE0087B76B /* supportFiles */,
				FAC1E6AE21422417004B0DAA /* BaseViewController */,
				FA2166842143CB9E0087B76B /* 我的钱包 */,
				FA21667E2143A7450087B76B /* 立即支付 */,
				FAC1E6AD2142236D004B0DAA /* 我要推广 */,
				FAC1E7AD214280BB004B0DAA /* 会员权益 */,
				FAC1E67E21421A9B004B0DAA /* Main.storyboard */,
				FAC1E68321421A9D004B0DAA /* LaunchScreen.storyboard */,
				FAC1E6AA214220B9004B0DAA /* LHMineTableViewController.h */,
				FAC1E6AB214220B9004B0DAA /* LHMineTableViewController.m */,
			);
			path = TieJunLing;
			sourceTree = "<group>";
		};
		FAC1E69021421A9D004B0DAA /* TieJunLingTests */ = {
			isa = PBXGroup;
			children = (
				FAC1E69121421A9E004B0DAA /* TieJunLingTests.m */,
				FAC1E69321421A9E004B0DAA /* Info.plist */,
			);
			path = TieJunLingTests;
			sourceTree = "<group>";
		};
		FAC1E69B21421A9E004B0DAA /* TieJunLingUITests */ = {
			isa = PBXGroup;
			children = (
				FAC1E69C21421A9E004B0DAA /* TieJunLingUITests.m */,
				FAC1E69E21421A9E004B0DAA /* Info.plist */,
			);
			path = TieJunLingUITests;
			sourceTree = "<group>";
		};
		FAC1E6AD2142236D004B0DAA /* 我要推广 */ = {
			isa = PBXGroup;
			children = (
				FA21660A2143613A0087B76B /* models */,
				FA21660321435E910087B76B /* ViewModel */,
				FAC1E7A82142711F004B0DAA /* LHPopularizeViewController.h */,
				FAC1E7A92142711F004B0DAA /* LHPopularizeViewController.m */,
				FAC1E7AA2142711F004B0DAA /* LHPopularizeViewController.xib */,
			);
			path = "我要推广";
			sourceTree = "<group>";
		};
		FAC1E6AE21422417004B0DAA /* BaseViewController */ = {
			isa = PBXGroup;
			children = (
				FAC1E6AF2142242F004B0DAA /* LHBaseViewController.h */,
				FAC1E6B02142242F004B0DAA /* LHBaseViewController.m */,
			);
			path = BaseViewController;
			sourceTree = "<group>";
		};
		FAC1E7AD214280BB004B0DAA /* 会员权益 */ = {
			isa = PBXGroup;
			children = (
				FAC1E7AE21428111004B0DAA /* LHMemberViewController.h */,
				FAC1E7AF21428111004B0DAA /* LHMemberViewController.m */,
				FAC1E7B021428111004B0DAA /* LHMemberViewController.xib */,
			);
			path = "会员权益";
			sourceTree = "<group>";
		};
/* End PBXGroup section */

/* Begin PBXNativeTarget section */
		FAC1E67421421A9B004B0DAA /* TieJunLing */ = {
			isa = PBXNativeTarget;
			buildConfigurationList = FAC1E6A121421A9E004B0DAA /* Build configuration list for PBXNativeTarget "TieJunLing" */;
			buildPhases = (
				DD1A7D5A47575F8D8A300EF4 /* [CP] Check Pods Manifest.lock */,
				FAC1E67121421A9B004B0DAA /* Sources */,
				FAC1E67221421A9B004B0DAA /* Frameworks */,
				FAC1E67321421A9B004B0DAA /* Resources */,
			);
			buildRules = (
			);
			dependencies = (
			);
			name = TieJunLing;
			productName = TieJunLing;
			productReference = FAC1E67521421A9B004B0DAA /* TieJunLing.app */;
			productType = "com.apple.product-type.application";
		};
		FAC1E68C21421A9D004B0DAA /* TieJunLingTests */ = {
			isa = PBXNativeTarget;
			buildConfigurationList = FAC1E6A421421A9E004B0DAA /* Build configuration list for PBXNativeTarget "TieJunLingTests" */;
			buildPhases = (
				9E1659B2A08AAFA6F2659581 /* [CP] Check Pods Manifest.lock */,
				FAC1E68921421A9D004B0DAA /* Sources */,
				FAC1E68A21421A9D004B0DAA /* Frameworks */,
				FAC1E68B21421A9D004B0DAA /* Resources */,
			);
			buildRules = (
			);
			dependencies = (
				FAC1E68F21421A9D004B0DAA /* PBXTargetDependency */,
			);
			name = TieJunLingTests;
			productName = TieJunLingTests;
			productReference = FAC1E68D21421A9D004B0DAA /* TieJunLingTests.xctest */;
			productType = "com.apple.product-type.bundle.unit-test";
		};
		FAC1E69721421A9E004B0DAA /* TieJunLingUITests */ = {
			isa = PBXNativeTarget;
			buildConfigurationList = FAC1E6A721421A9E004B0DAA /* Build configuration list for PBXNativeTarget "TieJunLingUITests" */;
			buildPhases = (
				DF4D800589BBECBA6CF386D7 /* [CP] Check Pods Manifest.lock */,
				FAC1E69421421A9E004B0DAA /* Sources */,
				FAC1E69521421A9E004B0DAA /* Frameworks */,
				FAC1E69621421A9E004B0DAA /* Resources */,
			);
			buildRules = (
			);
			dependencies = (
				FAC1E69A21421A9E004B0DAA /* PBXTargetDependency */,
			);
			name = TieJunLingUITests;
			productName = TieJunLingUITests;
			productReference = FAC1E69821421A9E004B0DAA /* TieJunLingUITests.xctest */;
			productType = "com.apple.product-type.bundle.ui-testing";
		};
/* End PBXNativeTarget section */

/* Begin PBXProject section */
		FAC1E66D21421A9B004B0DAA /* Project object */ = {
			isa = PBXProject;
			attributes = {
				CLASSPREFIX = LH;
				LastUpgradeCheck = 0940;
				ORGANIZATIONNAME = macbook;
				TargetAttributes = {
					FAC1E67421421A9B004B0DAA = {
						CreatedOnToolsVersion = 9.4.1;
					};
					FAC1E68C21421A9D004B0DAA = {
						CreatedOnToolsVersion = 9.4.1;
						TestTargetID = FAC1E67421421A9B004B0DAA;
					};
					FAC1E69721421A9E004B0DAA = {
						CreatedOnToolsVersion = 9.4.1;
						TestTargetID = FAC1E67421421A9B004B0DAA;
					};
				};
			};
			buildConfigurationList = FAC1E67021421A9B004B0DAA /* Build configuration list for PBXProject "TieJunLing" */;
			compatibilityVersion = "Xcode 9.3";
			developmentRegion = en;
			hasScannedForEncodings = 0;
			knownRegions = (
				en,
				Base,
			);
			mainGroup = FAC1E66C21421A9B004B0DAA;
			productRefGroup = FAC1E67621421A9B004B0DAA /* Products */;
			projectDirPath = "";
			projectRoot = "";
			targets = (
				FAC1E67421421A9B004B0DAA /* TieJunLing */,
				FAC1E68C21421A9D004B0DAA /* TieJunLingTests */,
				FAC1E69721421A9E004B0DAA /* TieJunLingUITests */,
			);
		};
/* End PBXProject section */

/* Begin PBXResourcesBuildPhase section */
		FAC1E67321421A9B004B0DAA /* Resources */ = {
			isa = PBXResourcesBuildPhase;
			buildActionMask = 2147483647;
			files = (
				FA1D56DC2146681200D307C5 /* LHOutMoneyViewController.xib in Resources */,
				FAC1E68521421A9D004B0DAA /* LaunchScreen.storyboard in Resources */,
				FAC1E7AC2142711F004B0DAA /* LHPopularizeViewController.xib in Resources */,
				FA2166892143CBDB0087B76B /* LHNounViewController.xib in Resources */,
				FAC1E68221421A9D004B0DAA /* Assets.xcassets in Resources */,
				FA21664F214392E90087B76B /* ShareSDK.bundle in Resources */,
				FA2166832143A7AF0087B76B /* LHPayViewController.xib in Resources */,
				FA216650214392E90087B76B /* ShareSDKUI.bundle in Resources */,
				FAC1E68021421A9B004B0DAA /* Main.storyboard in Resources */,
				FA21664B214392E90087B76B /* README.txt in Resources */,
				FA21668F2143D5470087B76B /* LHDetailTableViewCell.xib in Resources */,
				FAC1E7B221428111004B0DAA /* LHMemberViewController.xib in Resources */,
			);
			runOnlyForDeploymentPostprocessing = 0;
		};
		FAC1E68B21421A9D004B0DAA /* Resources */ = {
			isa = PBXResourcesBuildPhase;
			buildActionMask = 2147483647;
			files = (
			);
			runOnlyForDeploymentPostprocessing = 0;
		};
		FAC1E69621421A9E004B0DAA /* Resources */ = {
			isa = PBXResourcesBuildPhase;
			buildActionMask = 2147483647;
			files = (
			);
			runOnlyForDeploymentPostprocessing = 0;
		};
/* End PBXResourcesBuildPhase section */

/* Begin PBXShellScriptBuildPhase section */
		9E1659B2A08AAFA6F2659581 /* [CP] Check Pods Manifest.lock */ = {
			isa = PBXShellScriptBuildPhase;
			buildActionMask = 2147483647;
			files = (
			);
			inputPaths = (
				"${PODS_PODFILE_DIR_PATH}/Podfile.lock",
				"${PODS_ROOT}/Manifest.lock",
			);
			name = "[CP] Check Pods Manifest.lock";
			outputPaths = (
				"$(DERIVED_FILE_DIR)/Pods-TieJunLingTests-checkManifestLockResult.txt",
			);
			runOnlyForDeploymentPostprocessing = 0;
			shellPath = /bin/sh;
			shellScript = "diff \"${PODS_PODFILE_DIR_PATH}/Podfile.lock\" \"${PODS_ROOT}/Manifest.lock\" > /dev/null\nif [ $? != 0 ] ; then\n    # print error to STDERR\n    echo \"error: The sandbox is not in sync with the Podfile.lock. Run 'pod install' or update your CocoaPods installation.\" >&2\n    exit 1\nfi\n# This output is used by Xcode 'outputs' to avoid re-running this script phase.\necho \"SUCCESS\" > \"${SCRIPT_OUTPUT_FILE_0}\"\n";
			showEnvVarsInLog = 0;
		};
		DD1A7D5A47575F8D8A300EF4 /* [CP] Check Pods Manifest.lock */ = {
			isa = PBXShellScriptBuildPhase;
			buildActionMask = 2147483647;
			files = (
			);
			inputPaths = (
				"${PODS_PODFILE_DIR_PATH}/Podfile.lock",
				"${PODS_ROOT}/Manifest.lock",
			);
			name = "[CP] Check Pods Manifest.lock";
			outputPaths = (
				"$(DERIVED_FILE_DIR)/Pods-TieJunLing-checkManifestLockResult.txt",
			);
			runOnlyForDeploymentPostprocessing = 0;
			shellPath = /bin/sh;
			shellScript = "diff \"${PODS_PODFILE_DIR_PATH}/Podfile.lock\" \"${PODS_ROOT}/Manifest.lock\" > /dev/null\nif [ $? != 0 ] ; then\n    # print error to STDERR\n    echo \"error: The sandbox is not in sync with the Podfile.lock. Run 'pod install' or update your CocoaPods installation.\" >&2\n    exit 1\nfi\n# This output is used by Xcode 'outputs' to avoid re-running this script phase.\necho \"SUCCESS\" > \"${SCRIPT_OUTPUT_FILE_0}\"\n";
			showEnvVarsInLog = 0;
		};
		DF4D800589BBECBA6CF386D7 /* [CP] Check Pods Manifest.lock */ = {
			isa = PBXShellScriptBuildPhase;
			buildActionMask = 2147483647;
			files = (
			);
			inputPaths = (
				"${PODS_PODFILE_DIR_PATH}/Podfile.lock",
				"${PODS_ROOT}/Manifest.lock",
			);
			name = "[CP] Check Pods Manifest.lock";
			outputPaths = (
				"$(DERIVED_FILE_DIR)/Pods-TieJunLingUITests-checkManifestLockResult.txt",
			);
			runOnlyForDeploymentPostprocessing = 0;
			shellPath = /bin/sh;
			shellScript = "diff \"${PODS_PODFILE_DIR_PATH}/Podfile.lock\" \"${PODS_ROOT}/Manifest.lock\" > /dev/null\nif [ $? != 0 ] ; then\n    # print error to STDERR\n    echo \"error: The sandbox is not in sync with the Podfile.lock. Run 'pod install' or update your CocoaPods installation.\" >&2\n    exit 1\nfi\n# This output is used by Xcode 'outputs' to avoid re-running this script phase.\necho \"SUCCESS\" > \"${SCRIPT_OUTPUT_FILE_0}\"\n";
			showEnvVarsInLog = 0;
		};
/* End PBXShellScriptBuildPhase section */

/* Begin PBXSourcesBuildPhase section */
		FAC1E67121421A9B004B0DAA /* Sources */ = {
			isa = PBXSourcesBuildPhase;
			buildActionMask = 2147483647;
			files = (
				FA21668E2143D5470087B76B /* LHDetailTableViewCell.m in Sources */,
				FA21660221435A640087B76B /* LHNetworking.m in Sources */,
				FA1D56DB2146681200D307C5 /* LHOutMoneyViewController.m in Sources */,
				FAC1E68821421A9D004B0DAA /* main.m in Sources */,
				FA21660921435F610087B76B /* LHPopularizeModel.m in Sources */,
				FAC1E6AC214220B9004B0DAA /* LHMineTableViewController.m in Sources */,
				FA2166882143CBDB0087B76B /* LHNounViewController.m in Sources */,
				FAC1E7B121428111004B0DAA /* LHMemberViewController.m in Sources */,
				FAC1E67A21421A9B004B0DAA /* AppDelegate.m in Sources */,
				FA1D56D32146460300D307C5 /* LHNounViewModel.m in Sources */,
				FA21660621435EB60087B76B /* LHPopularizeViewModel.m in Sources */,
				FA2166822143A7AF0087B76B /* LHPayViewController.m in Sources */,
				FA1D56D72146471F00D307C5 /* LHNounModel.m in Sources */,
				FAC1E6B12142242F004B0DAA /* LHBaseViewController.m in Sources */,
				FAC1E7AB2142711F004B0DAA /* LHPopularizeViewController.m in Sources */,
			);
			runOnlyForDeploymentPostprocessing = 0;
		};
		FAC1E68921421A9D004B0DAA /* Sources */ = {
			isa = PBXSourcesBuildPhase;
			buildActionMask = 2147483647;
			files = (
				FAC1E69221421A9E004B0DAA /* TieJunLingTests.m in Sources */,
			);
			runOnlyForDeploymentPostprocessing = 0;
		};
		FAC1E69421421A9E004B0DAA /* Sources */ = {
			isa = PBXSourcesBuildPhase;
			buildActionMask = 2147483647;
			files = (
				FAC1E69D21421A9E004B0DAA /* TieJunLingUITests.m in Sources */,
			);
			runOnlyForDeploymentPostprocessing = 0;
		};
/* End PBXSourcesBuildPhase section */

/* Begin PBXTargetDependency section */
		FAC1E68F21421A9D004B0DAA /* PBXTargetDependency */ = {
			isa = PBXTargetDependency;
			target = FAC1E67421421A9B004B0DAA /* TieJunLing */;
			targetProxy = FAC1E68E21421A9D004B0DAA /* PBXContainerItemProxy */;
		};
		FAC1E69A21421A9E004B0DAA /* PBXTargetDependency */ = {
			isa = PBXTargetDependency;
			target = FAC1E67421421A9B004B0DAA /* TieJunLing */;
			targetProxy = FAC1E69921421A9E004B0DAA /* PBXContainerItemProxy */;
		};
/* End PBXTargetDependency section */

/* Begin PBXVariantGroup section */
		FAC1E67E21421A9B004B0DAA /* Main.storyboard */ = {
			isa = PBXVariantGroup;
			children = (
				FAC1E67F21421A9B004B0DAA /* Base */,
			);
			name = Main.storyboard;
			sourceTree = "<group>";
		};
		FAC1E68321421A9D004B0DAA /* LaunchScreen.storyboard */ = {
			isa = PBXVariantGroup;
			children = (
				FAC1E68421421A9D004B0DAA /* Base */,
			);
			name = LaunchScreen.storyboard;
			sourceTree = "<group>";
		};
/* End PBXVariantGroup section */

/* Begin XCBuildConfiguration section */
		FAC1E69F21421A9E004B0DAA /* Debug */ = {
			isa = XCBuildConfiguration;
			buildSettings = {
				ALWAYS_SEARCH_USER_PATHS = NO;
				CLANG_ANALYZER_NONNULL = YES;
				CLANG_ANALYZER_NUMBER_OBJECT_CONVERSION = YES_AGGRESSIVE;
				CLANG_CXX_LANGUAGE_STANDARD = "gnu++14";
				CLANG_CXX_LIBRARY = "libc++";
				CLANG_ENABLE_MODULES = YES;
				CLANG_ENABLE_OBJC_ARC = YES;
				CLANG_ENABLE_OBJC_WEAK = YES;
				CLANG_WARN_BLOCK_CAPTURE_AUTORELEASING = YES;
				CLANG_WARN_BOOL_CONVERSION = YES;
				CLANG_WARN_COMMA = YES;
				CLANG_WARN_CONSTANT_CONVERSION = YES;
				CLANG_WARN_DEPRECATED_OBJC_IMPLEMENTATIONS = YES;
				CLANG_WARN_DIRECT_OBJC_ISA_USAGE = YES_ERROR;
				CLANG_WARN_DOCUMENTATION_COMMENTS = YES;
				CLANG_WARN_EMPTY_BODY = YES;
				CLANG_WARN_ENUM_CONVERSION = YES;
				CLANG_WARN_INFINITE_RECURSION = YES;
				CLANG_WARN_INT_CONVERSION = YES;
				CLANG_WARN_NON_LITERAL_NULL_CONVERSION = YES;
				CLANG_WARN_OBJC_IMPLICIT_RETAIN_SELF = YES;
				CLANG_WARN_OBJC_LITERAL_CONVERSION = YES;
				CLANG_WARN_OBJC_ROOT_CLASS = YES_ERROR;
				CLANG_WARN_RANGE_LOOP_ANALYSIS = YES;
				CLANG_WARN_STRICT_PROTOTYPES = YES;
				CLANG_WARN_SUSPICIOUS_MOVE = YES;
				CLANG_WARN_UNGUARDED_AVAILABILITY = YES_AGGRESSIVE;
				CLANG_WARN_UNREACHABLE_CODE = YES;
				CLANG_WARN__DUPLICATE_METHOD_MATCH = YES;
				CODE_SIGN_IDENTITY = "iPhone Developer";
				COPY_PHASE_STRIP = NO;
				DEBUG_INFORMATION_FORMAT = dwarf;
				ENABLE_STRICT_OBJC_MSGSEND = YES;
				ENABLE_TESTABILITY = YES;
				GCC_C_LANGUAGE_STANDARD = gnu11;
				GCC_DYNAMIC_NO_PIC = NO;
				GCC_NO_COMMON_BLOCKS = YES;
				GCC_OPTIMIZATION_LEVEL = 0;
				GCC_PREPROCESSOR_DEFINITIONS = (
					"DEBUG=1",
					"$(inherited)",
				);
				GCC_WARN_64_TO_32_BIT_CONVERSION = YES;
				GCC_WARN_ABOUT_RETURN_TYPE = YES_ERROR;
				GCC_WARN_UNDECLARED_SELECTOR = YES;
				GCC_WARN_UNINITIALIZED_AUTOS = YES_AGGRESSIVE;
				GCC_WARN_UNUSED_FUNCTION = YES;
				GCC_WARN_UNUSED_VARIABLE = YES;
				IPHONEOS_DEPLOYMENT_TARGET = 11.4;
				MTL_ENABLE_DEBUG_INFO = YES;
				ONLY_ACTIVE_ARCH = YES;
				SDKROOT = iphoneos;
			};
			name = Debug;
		};
		FAC1E6A021421A9E004B0DAA /* Release */ = {
			isa = XCBuildConfiguration;
			buildSettings = {
				ALWAYS_SEARCH_USER_PATHS = NO;
				CLANG_ANALYZER_NONNULL = YES;
				CLANG_ANALYZER_NUMBER_OBJECT_CONVERSION = YES_AGGRESSIVE;
				CLANG_CXX_LANGUAGE_STANDARD = "gnu++14";
				CLANG_CXX_LIBRARY = "libc++";
				CLANG_ENABLE_MODULES = YES;
				CLANG_ENABLE_OBJC_ARC = YES;
				CLANG_ENABLE_OBJC_WEAK = YES;
				CLANG_WARN_BLOCK_CAPTURE_AUTORELEASING = YES;
				CLANG_WARN_BOOL_CONVERSION = YES;
				CLANG_WARN_COMMA = YES;
				CLANG_WARN_CONSTANT_CONVERSION = YES;
				CLANG_WARN_DEPRECATED_OBJC_IMPLEMENTATIONS = YES;
				CLANG_WARN_DIRECT_OBJC_ISA_USAGE = YES_ERROR;
				CLANG_WARN_DOCUMENTATION_COMMENTS = YES;
				CLANG_WARN_EMPTY_BODY = YES;
				CLANG_WARN_ENUM_CONVERSION = YES;
				CLANG_WARN_INFINITE_RECURSION = YES;
				CLANG_WARN_INT_CONVERSION = YES;
				CLANG_WARN_NON_LITERAL_NULL_CONVERSION = YES;
				CLANG_WARN_OBJC_IMPLICIT_RETAIN_SELF = YES;
				CLANG_WARN_OBJC_LITERAL_CONVERSION = YES;
				CLANG_WARN_OBJC_ROOT_CLASS = YES_ERROR;
				CLANG_WARN_RANGE_LOOP_ANALYSIS = YES;
				CLANG_WARN_STRICT_PROTOTYPES = YES;
				CLANG_WARN_SUSPICIOUS_MOVE = YES;
				CLANG_WARN_UNGUARDED_AVAILABILITY = YES_AGGRESSIVE;
				CLANG_WARN_UNREACHABLE_CODE = YES;
				CLANG_WARN__DUPLICATE_METHOD_MATCH = YES;
				CODE_SIGN_IDENTITY = "iPhone Developer";
				COPY_PHASE_STRIP = NO;
				DEBUG_INFORMATION_FORMAT = "dwarf-with-dsym";
				ENABLE_NS_ASSERTIONS = NO;
				ENABLE_STRICT_OBJC_MSGSEND = YES;
				GCC_C_LANGUAGE_STANDARD = gnu11;
				GCC_NO_COMMON_BLOCKS = YES;
				GCC_WARN_64_TO_32_BIT_CONVERSION = YES;
				GCC_WARN_ABOUT_RETURN_TYPE = YES_ERROR;
				GCC_WARN_UNDECLARED_SELECTOR = YES;
				GCC_WARN_UNINITIALIZED_AUTOS = YES_AGGRESSIVE;
				GCC_WARN_UNUSED_FUNCTION = YES;
				GCC_WARN_UNUSED_VARIABLE = YES;
				IPHONEOS_DEPLOYMENT_TARGET = 11.4;
				MTL_ENABLE_DEBUG_INFO = NO;
				SDKROOT = iphoneos;
				VALIDATE_PRODUCT = YES;
			};
			name = Release;
		};
		FAC1E6A221421A9E004B0DAA /* Debug */ = {
			isa = XCBuildConfiguration;
			baseConfigurationReference = DE92B1E161462339CE06628A /* Pods-TieJunLing.debug.xcconfig */;
			buildSettings = {
				ASSETCATALOG_COMPILER_APPICON_NAME = AppIcon;
				CODE_SIGN_IDENTITY = "iPhone Developer";
				CODE_SIGN_STYLE = Automatic;
				DEVELOPMENT_TEAM = 4VYWXNWNTK;
				FRAMEWORK_SEARCH_PATHS = (
					"$(inherited)",
					"$(PROJECT_DIR)/TieJunLing/SDK/share/SDK/ShareSDK/Support/PlatformSDK/QQSDK",
					"$(PROJECT_DIR)/TieJunLing/SDK/share/SDK/ShareSDK/Support/Required",
					"$(PROJECT_DIR)/TieJunLing/SDK/share/SDK/ShareSDK/Support/Optional",
					"$(PROJECT_DIR)/TieJunLing/SDK/share/SDK/ShareSDK/Support/PlatformConnector",
					"$(PROJECT_DIR)/TieJunLing/SDK/share/SDK/ShareSDK",
					"$(PROJECT_DIR)/TieJunLing/SDK/share/SDK/Required",
				);
				GCC_PREFIX_HEADER = "$(SRCROOT)/TieJunLing/TJL-PrefixHeader.pch";
				INFOPLIST_FILE = TieJunLing/Info.plist;
				IPHONEOS_DEPLOYMENT_TARGET = 9.0;
				LD_RUNPATH_SEARCH_PATHS = (
					"$(inherited)",
					"@executable_path/Frameworks",
				);
				LIBRARY_SEARCH_PATHS = (
					"$(inherited)",
					"$(PROJECT_DIR)/TieJunLing/SDK/share/SDK/ShareSDK/Support/PlatformSDK/WeChatSDK",
				);
				PRODUCT_BUNDLE_IDENTIFIER = com.tiejunling.www.TieJunLing;
				PRODUCT_NAME = "$(TARGET_NAME)";
				PROVISIONING_PROFILE_SPECIFIER = "";
				TARGETED_DEVICE_FAMILY = "1,2";
			};
			name = Debug;
		};
		FAC1E6A321421A9E004B0DAA /* Release */ = {
			isa = XCBuildConfiguration;
			baseConfigurationReference = 7E076E91A8D61C1B0C53A874 /* Pods-TieJunLing.release.xcconfig */;
			buildSettings = {
				ASSETCATALOG_COMPILER_APPICON_NAME = AppIcon;
				CODE_SIGN_IDENTITY = "iPhone Developer";
				CODE_SIGN_STYLE = Automatic;
				DEVELOPMENT_TEAM = 4VYWXNWNTK;
				FRAMEWORK_SEARCH_PATHS = (
					"$(inherited)",
					"$(PROJECT_DIR)/TieJunLing/SDK/share/SDK/ShareSDK/Support/PlatformSDK/QQSDK",
					"$(PROJECT_DIR)/TieJunLing/SDK/share/SDK/ShareSDK/Support/Required",
					"$(PROJECT_DIR)/TieJunLing/SDK/share/SDK/ShareSDK/Support/Optional",
					"$(PROJECT_DIR)/TieJunLing/SDK/share/SDK/ShareSDK/Support/PlatformConnector",
					"$(PROJECT_DIR)/TieJunLing/SDK/share/SDK/ShareSDK",
					"$(PROJECT_DIR)/TieJunLing/SDK/share/SDK/Required",
				);
				GCC_PREFIX_HEADER = "$(SRCROOT)/TieJunLing/TJL-PrefixHeader.pch";
				INFOPLIST_FILE = TieJunLing/Info.plist;
				IPHONEOS_DEPLOYMENT_TARGET = 9.0;
				LD_RUNPATH_SEARCH_PATHS = (
					"$(inherited)",
					"@executable_path/Frameworks",
				);
				LIBRARY_SEARCH_PATHS = (
					"$(inherited)",
					"$(PROJECT_DIR)/TieJunLing/SDK/share/SDK/ShareSDK/Support/PlatformSDK/WeChatSDK",
				);
				PRODUCT_BUNDLE_IDENTIFIER = com.tiejunling.www.TieJunLing;
				PRODUCT_NAME = "$(TARGET_NAME)";
				PROVISIONING_PROFILE_SPECIFIER = "";
				TARGETED_DEVICE_FAMILY = "1,2";
			};
			name = Release;
		};
		FAC1E6A521421A9E004B0DAA /* Debug */ = {
			isa = XCBuildConfiguration;
			baseConfigurationReference = 2D14D0C73BD502D4A0D914CE /* Pods-TieJunLingTests.debug.xcconfig */;
			buildSettings = {
				BUNDLE_LOADER = "$(TEST_HOST)";
				CODE_SIGN_STYLE = Automatic;
				INFOPLIST_FILE = TieJunLingTests/Info.plist;
				LD_RUNPATH_SEARCH_PATHS = (
					"$(inherited)",
					"@executable_path/Frameworks",
					"@loader_path/Frameworks",
				);
				PRODUCT_BUNDLE_IDENTIFIER = com.tiejunling.www.TieJunLingTests;
				PRODUCT_NAME = "$(TARGET_NAME)";
				TARGETED_DEVICE_FAMILY = "1,2";
				TEST_HOST = "$(BUILT_PRODUCTS_DIR)/TieJunLing.app/TieJunLing";
			};
			name = Debug;
		};
		FAC1E6A621421A9E004B0DAA /* Release */ = {
			isa = XCBuildConfiguration;
			baseConfigurationReference = 216CF110083C5FA48F98C229 /* Pods-TieJunLingTests.release.xcconfig */;
			buildSettings = {
				BUNDLE_LOADER = "$(TEST_HOST)";
				CODE_SIGN_STYLE = Automatic;
				INFOPLIST_FILE = TieJunLingTests/Info.plist;
				LD_RUNPATH_SEARCH_PATHS = (
					"$(inherited)",
					"@executable_path/Frameworks",
					"@loader_path/Frameworks",
				);
				PRODUCT_BUNDLE_IDENTIFIER = com.tiejunling.www.TieJunLingTests;
				PRODUCT_NAME = "$(TARGET_NAME)";
				TARGETED_DEVICE_FAMILY = "1,2";
				TEST_HOST = "$(BUILT_PRODUCTS_DIR)/TieJunLing.app/TieJunLing";
			};
			name = Release;
		};
		FAC1E6A821421A9E004B0DAA /* Debug */ = {
			isa = XCBuildConfiguration;
			baseConfigurationReference = 70C20ED34BFDD9BEF5E9BD5A /* Pods-TieJunLingUITests.debug.xcconfig */;
			buildSettings = {
				CODE_SIGN_STYLE = Automatic;
				INFOPLIST_FILE = TieJunLingUITests/Info.plist;
				LD_RUNPATH_SEARCH_PATHS = (
					"$(inherited)",
					"@executable_path/Frameworks",
					"@loader_path/Frameworks",
				);
				PRODUCT_BUNDLE_IDENTIFIER = com.tiejunling.www.TieJunLingUITests;
				PRODUCT_NAME = "$(TARGET_NAME)";
				TARGETED_DEVICE_FAMILY = "1,2";
				TEST_TARGET_NAME = TieJunLing;
			};
			name = Debug;
		};
		FAC1E6A921421A9E004B0DAA /* Release */ = {
			isa = XCBuildConfiguration;
			baseConfigurationReference = D894852A93A7FD53B2D57A9E /* Pods-TieJunLingUITests.release.xcconfig */;
			buildSettings = {
				CODE_SIGN_STYLE = Automatic;
				INFOPLIST_FILE = TieJunLingUITests/Info.plist;
				LD_RUNPATH_SEARCH_PATHS = (
					"$(inherited)",
					"@executable_path/Frameworks",
					"@loader_path/Frameworks",
				);
				PRODUCT_BUNDLE_IDENTIFIER = com.tiejunling.www.TieJunLingUITests;
				PRODUCT_NAME = "$(TARGET_NAME)";
				TARGETED_DEVICE_FAMILY = "1,2";
				TEST_TARGET_NAME = TieJunLing;
			};
			name = Release;
		};
/* End XCBuildConfiguration section */

/* Begin XCConfigurationList section */
		FAC1E67021421A9B004B0DAA /* Build configuration list for PBXProject "TieJunLing" */ = {
			isa = XCConfigurationList;
			buildConfigurations = (
				FAC1E69F21421A9E004B0DAA /* Debug */,
				FAC1E6A021421A9E004B0DAA /* Release */,
			);
			defaultConfigurationIsVisible = 0;
			defaultConfigurationName = Release;
		};
		FAC1E6A121421A9E004B0DAA /* Build configuration list for PBXNativeTarget "TieJunLing" */ = {
			isa = XCConfigurationList;
			buildConfigurations = (
				FAC1E6A221421A9E004B0DAA /* Debug */,
				FAC1E6A321421A9E004B0DAA /* Release */,
			);
			defaultConfigurationIsVisible = 0;
			defaultConfigurationName = Release;
		};
		FAC1E6A421421A9E004B0DAA /* Build configuration list for PBXNativeTarget "TieJunLingTests" */ = {
			isa = XCConfigurationList;
			buildConfigurations = (
				FAC1E6A521421A9E004B0DAA /* Debug */,
				FAC1E6A621421A9E004B0DAA /* Release */,
			);
			defaultConfigurationIsVisible = 0;
			defaultConfigurationName = Release;
		};
		FAC1E6A721421A9E004B0DAA /* Build configuration list for PBXNativeTarget "TieJunLingUITests" */ = {
			isa = XCConfigurationList;
			buildConfigurations = (
				FAC1E6A821421A9E004B0DAA /* Debug */,
				FAC1E6A921421A9E004B0DAA /* Release */,
			);
			defaultConfigurationIsVisible = 0;
			defaultConfigurationName = Release;
		};
/* End XCConfigurationList section */
	};
	rootObject = FAC1E66D21421A9B004B0DAA /* Project object */;
}
